
Microsoft Visual Studio Solution File, Format Version 12.00
# Visual Studio Version 17
VisualStudioVersion = 17.4.33213.308
MinimumVisualStudioVersion = 10.0.40219.1
Project("{FAE04EC0-301F-11D3-BF4B-00C04F79EFBC}") = "interfacesDemo", "interfacesDemo\interfacesDemo.csproj", "{C55C56FB-1551-4F84-9D08-0B60F88446E7}"
EndProject
Global
	GlobalSection(SolutionConfigurationPlatforms) = preSolution
		Debug|Any CPU = Debug|Any CPU
		Release|Any CPU = Release|Any CPU
	EndGlobalSection
	GlobalSection(ProjectConfigurationPlatforms) = postSolution
		{C55C56FB-1551-4F84-9D08-0B60F88446E7}.Debug|Any CPU.ActiveCfg = Debug|Any CPU
		{C55C56FB-1551-4F84-9D08-0B60F88446E7}.Debug|Any CPU.Build.0 = Debug|Any CPU
		{C55C56FB-1551-4F84-9D08-0B60F88446E7}.Release|Any CPU.ActiveCfg = Release|Any CPU
		{C55C56FB-1551-4F84-9D08-0B60F88446E7}.Release|Any CPU.Build.0 = Release|Any CPU
	EndGlobalSection
	GlobalSection(SolutionProperties) = preSolution
		HideSolutionNode = FALSE
	EndGlobalSection
	GlobalSection(ExtensibilityGlobals) = postSolution
		SolutionGuid = {2AC1CA53-5741-4844-B7F6-1AC3B7CE0AFA}
	EndGlobalSection
EndGlobal
